Microsoft Visual Studio Solution File, Format Version 12.00
# Visual Studio Version 17
VisualStudioVersion = 17.5.2.0
MinimumVisualStudioVersion = 10.0.40219.1
Project("{2150E333-8FDC-42A3-9474-1A3956D46DE8}") = "src", "src", "{827E0CD3-B72D-47B6-A68D-7590B98EB39B}"
EndProject
Project("{2150E333-8FDC-42A3-9474-1A3956D46DE8}") = "Shared", "Shared", "{C8E42992-5E42-0C2B-DBFE-AA848D06431C}"
EndProject
Project("{FAE04EC0-301F-11D3-BF4B-00C04F79EFBC}") = "Shared.Api.Infrastructure", "src\Shared\Shared.Api.Infrastructure\Shared.Api.Infrastructure.csproj", "{6DFD81A4-F72D-703A-9793-DC270ECD1AE9}"
EndProject
Project("{FAE04EC0-301F-11D3-BF4B-00C04F79EFBC}") = "SharedKernel", "src\Shared\SharedKernel\SharedKernel.csproj", "{28AFF8AA-481C-054D-0B92-3E91246BA178}"
EndProject
Project("{2150E333-8FDC-42A3-9474-1A3956D46DE8}") = "Infrastructure", "Infrastructure", "{9048EB7F-3875-A59E-E36B-5BD4C6F2A282}"
EndProject
Project("{FAE04EC0-301F-11D3-BF4B-00C04F79EFBC}") = "Infra.Database", "src\Infrastructure\Infra.Database\Infra.Database.csproj", "{856AE6F1-1D5B-B078-C79D-A369442AAF3D}"
EndProject
Project("{2150E333-8FDC-42A3-9474-1A3956D46DE8}") = "Aspire", "Aspire", "{52BF7FB6-37FF-5100-EFD1-124EFF302675}"
EndProject
Project("{FAE04EC0-301F-11D3-BF4B-00C04F79EFBC}") = "Portfolio.ServiceDefaults", "src\Aspire\Portfolio.ServiceDefaults\Portfolio.ServiceDefaults.csproj", "{4E301E28-BC75-1341-3EBE-0604C7FFFACE}"
EndProject
Project("{FAE04EC0-301F-11D3-BF4B-00C04F79EFBC}") = "Portfolio.AppHost", "src\Aspire\Portfolio.AppHost\Portfolio.AppHost.csproj", "{B1B8301D-45CD-C61D-7F38-686B980E911A}"
EndProject
Project("{2150E333-8FDC-42A3-9474-1A3956D46DE8}") = "Modules", "Modules", "{EC447DCF-ABFA-6E24-52A5-D7FD48A5C558}"
EndProject
Project("{2150E333-8FDC-42A3-9474-1A3956D46DE8}") = "Portfolio", "Portfolio", "{75E1508E-A955-E059-6956-675858DCE5FC}"
EndProject
Project("{FAE04EC0-301F-11D3-BF4B-00C04F79EFBC}") = "Portfolio.Tests", "src\Modules\Portfolio\Portfolio.Tests\Portfolio.Tests.csproj", "{FB27CE5A-0E53-8F53-32D5-F29D916F6FCC}"
EndProject
Project("{FAE04EC0-301F-11D3-BF4B-00C04F79EFBC}") = "Portfolio.Application", "src\Modules\Portfolio\Portfolio.Application\Portfolio.Application.csproj", "{76D3F15E-5335-7AA1-9902-3EF9288F9CBA}"
EndProject
Project("{FAE04EC0-301F-11D3-BF4B-00C04F79EFBC}") = "Portfolio.Api", "src\Modules\Portfolio\Portfolio.Api\Portfolio.Api.csproj", "{64AA886C-6994-534D-9C4C-C8B214B6122F}"
EndProject
Project("{FAE04EC0-301F-11D3-BF4B-00C04F79EFBC}") = "Portfolio.Domain", "src\Modules\Portfolio\Portfolio.Domain\Portfolio.Domain.csproj", "{39069406-0A4D-8C6C-A5D9-4882E3EA3A83}"
EndProject
Project("{FAE04EC0-301F-11D3-BF4B-00C04F79EFBC}") = "Portfolio.Infrastructure", "src\Modules\Portfolio\Portfolio.Infrastructure\Portfolio.Infrastructure.csproj", "{68D85F5C-3B1E-4D23-FA69-0336E258E5E6}"
EndProject
Global
	GlobalSection(SolutionConfigurationPlatforms) = preSolution
		Debug|Any CPU = Debug|Any CPU
		Release|Any CPU = Release|Any CPU
	EndGlobalSection
	GlobalSection(ProjectConfigurationPlatforms) = postSolution
		{6DFD81A4-F72D-703A-9793-DC270ECD1AE9}.Debug|Any CPU.ActiveCfg = Debug|Any CPU
		{6DFD81A4-F72D-703A-9793-DC270ECD1AE9}.Debug|Any CPU.Build.0 = Debug|Any CPU
		{6DFD81A4-F72D-703A-9793-DC270ECD1AE9}.Release|Any CPU.ActiveCfg = Release|Any CPU
		{6DFD81A4-F72D-703A-9793-DC270ECD1AE9}.Release|Any CPU.Build.0 = Release|Any CPU
		{28AFF8AA-481C-054D-0B92-3E91246BA178}.Debug|Any CPU.ActiveCfg = Debug|Any CPU
		{28AFF8AA-481C-054D-0B92-3E91246BA178}.Debug|Any CPU.Build.0 = Debug|Any CPU
		{28AFF8AA-481C-054D-0B92-3E91246BA178}.Release|Any CPU.ActiveCfg = Release|Any CPU
		{28AFF8AA-481C-054D-0B92-3E91246BA178}.Release|Any CPU.Build.0 = Release|Any CPU
		{856AE6F1-1D5B-B078-C79D-A369442AAF3D}.Debug|Any CPU.ActiveCfg = Debug|Any CPU
		{856AE6F1-1D5B-B078-C79D-A369442AAF3D}.Debug|Any CPU.Build.0 = Debug|Any CPU
		{856AE6F1-1D5B-B078-C79D-A369442AAF3D}.Release|Any CPU.ActiveCfg = Release|Any CPU
		{856AE6F1-1D5B-B078-C79D-A369442AAF3D}.Release|Any CPU.Build.0 = Release|Any CPU
		{4E301E28-BC75-1341-3EBE-0604C7FFFACE}.Debug|Any CPU.ActiveCfg = Debug|Any CPU
		{4E301E28-BC75-1341-3EBE-0604C7FFFACE}.Debug|Any CPU.Build.0 = Debug|Any CPU
		{4E301E28-BC75-1341-3EBE-0604C7FFFACE}.Release|Any CPU.ActiveCfg = Release|Any CPU
		{4E301E28-BC75-1341-3EBE-0604C7FFFACE}.Release|Any CPU.Build.0 = Release|Any CPU
		{B1B8301D-45CD-C61D-7F38-686B980E911A}.Debug|Any CPU.ActiveCfg = Debug|Any CPU
		{B1B8301D-45CD-C61D-7F38-686B980E911A}.Debug|Any CPU.Build.0 = Debug|Any CPU
		{B1B8301D-45CD-C61D-7F38-686B980E911A}.Release|Any CPU.ActiveCfg = Release|Any CPU
		{B1B8301D-45CD-C61D-7F38-686B980E911A}.Release|Any CPU.Build.0 = Release|Any CPU
		{FB27CE5A-0E53-8F53-32D5-F29D916F6FCC}.Debug|Any CPU.ActiveCfg = Debug|Any CPU
		{FB27CE5A-0E53-8F53-32D5-F29D916F6FCC}.Debug|Any CPU.Build.0 = Debug|Any CPU
		{FB27CE5A-0E53-8F53-32D5-F29D916F6FCC}.Release|Any CPU.ActiveCfg = Release|Any CPU
		{FB27CE5A-0E53-8F53-32D5-F29D916F6FCC}.Release|Any CPU.Build.0 = Release|Any CPU
		{76D3F15E-5335-7AA1-9902-3EF9288F9CBA}.Debug|Any CPU.ActiveCfg = Debug|Any CPU
		{76D3F15E-5335-7AA1-9902-3EF9288F9CBA}.Debug|Any CPU.Build.0 = Debug|Any CPU
		{76D3F15E-5335-7AA1-9902-3EF9288F9CBA}.Release|Any CPU.ActiveCfg = Release|Any CPU
		{76D3F15E-5335-7AA1-9902-3EF9288F9CBA}.Release|Any CPU.Build.0 = Release|Any CPU
		{64AA886C-6994-534D-9C4C-C8B214B6122F}.Debug|Any CPU.ActiveCfg = Debug|Any CPU
		{64AA886C-6994-534D-9C4C-C8B214B6122F}.Debug|Any CPU.Build.0 = Debug|Any CPU
		{64AA886C-6994-534D-9C4C-C8B214B6122F}.Release|Any CPU.ActiveCfg = Release|Any CPU
		{64AA886C-6994-534D-9C4C-C8B214B6122F}.Release|Any CPU.Build.0 = Release|Any CPU
		{39069406-0A4D-8C6C-A5D9-4882E3EA3A83}.Debug|Any CPU.ActiveCfg = Debug|Any CPU
		{39069406-0A4D-8C6C-A5D9-4882E3EA3A83}.Debug|Any CPU.Build.0 = Debug|Any CPU
		{39069406-0A4D-8C6C-A5D9-4882E3EA3A83}.Release|Any CPU.ActiveCfg = Release|Any CPU
		{39069406-0A4D-8C6C-A5D9-4882E3EA3A83}.Release|Any CPU.Build.0 = Release|Any CPU
		{68D85F5C-3B1E-4D23-FA69-0336E258E5E6}.Debug|Any CPU.ActiveCfg = Debug|Any CPU
		{68D85F5C-3B1E-4D23-FA69-0336E258E5E6}.Debug|Any CPU.Build.0 = Debug|Any CPU
		{68D85F5C-3B1E-4D23-FA69-0336E258E5E6}.Release|Any CPU.ActiveCfg = Release|Any CPU
		{68D85F5C-3B1E-4D23-FA69-0336E258E5E6}.Release|Any CPU.Build.0 = Release|Any CPU
	EndGlobalSection
	GlobalSection(SolutionProperties) = preSolution
		HideSolutionNode = FALSE
	EndGlobalSection
	GlobalSection(NestedProjects) = preSolution
		{C8E42992-5E42-0C2B-DBFE-AA848D06431C} = {827E0CD3-B72D-47B6-A68D-7590B98EB39B}
		{6DFD81A4-F72D-703A-9793-DC270ECD1AE9} = {C8E42992-5E42-0C2B-DBFE-AA848D06431C}
		{28AFF8AA-481C-054D-0B92-3E91246BA178} = {C8E42992-5E42-0C2B-DBFE-AA848D06431C}
		{9048EB7F-3875-A59E-E36B-5BD4C6F2A282} = {827E0CD3-B72D-47B6-A68D-7590B98EB39B}
		{856AE6F1-1D5B-B078-C79D-A369442AAF3D} = {9048EB7F-3875-A59E-E36B-5BD4C6F2A282}
		{52BF7FB6-37FF-5100-EFD1-124EFF302675} = {827E0CD3-B72D-47B6-A68D-7590B98EB39B}
		{4E301E28-BC75-1341-3EBE-0604C7FFFACE} = {52BF7FB6-37FF-5100-EFD1-124EFF302675}
		{B1B8301D-45CD-C61D-7F38-686B980E911A} = {52BF7FB6-37FF-5100-EFD1-124EFF302675}
		{EC447DCF-ABFA-6E24-52A5-D7FD48A5C558} = {827E0CD3-B72D-47B6-A68D-7590B98EB39B}
		{75E1508E-A955-E059-6956-675858DCE5FC} = {EC447DCF-ABFA-6E24-52A5-D7FD48A5C558}
		{FB27CE5A-0E53-8F53-32D5-F29D916F6FCC} = {75E1508E-A955-E059-6956-675858DCE5FC}
		{76D3F15E-5335-7AA1-9902-3EF9288F9CBA} = {75E1508E-A955-E059-6956-675858DCE5FC}
		{64AA886C-6994-534D-9C4C-C8B214B6122F} = {75E1508E-A955-E059-6956-675858DCE5FC}
		{39069406-0A4D-8C6C-A5D9-4882E3EA3A83} = {75E1508E-A955-E059-6956-675858DCE5FC}
		{68D85F5C-3B1E-4D23-FA69-0336E258E5E6} = {75E1508E-A955-E059-6956-675858DCE5FC}
	EndGlobalSection
	GlobalSection(ExtensibilityGlobals) = postSolution
		SolutionGuid = {55AD748D-5EDB-4254-92E8-2A3D754DA4D0}
	EndGlobalSection
EndGlobal
